// !$*UTF8*$!
{
	archiveVersion = 1;
	classes = {
	};
	objectVersion = 46;
	objects = {

/* Begin PBXBuildFile section */
		BF55E6771DE164E700B0180F /* main.cpp in Sources */ = {isa = PBXBuildFile; fileRef = BF55E6761DE164E700B0180F /* main.cpp */; };
		BF55E6811DE1665E00B0180F /* Cocoa.framework in Frameworks */ = {isa = PBXBuildFile; fileRef = BF55E6801DE1665E00B0180F /* Cocoa.framework */; };
		BF55E6871DE16A1B00B0180F /* SDL2.framework in Frameworks */ = {isa = PBXBuildFile; fileRef = BF55E6861DE16A1B00B0180F /* SDL2.framework */; };
		BF55E68A1DE1701C00B0180F /* OpenGL.framework in Frameworks */ = {isa = PBXBuildFile; fileRef = BF55E6891DE1701C00B0180F /* OpenGL.framework */; };
		BF55E68E1DE1712300B0180F /* mainGame.cpp in Sources */ = {isa = PBXBuildFile; fileRef = BF55E68C1DE1712300B0180F /* mainGame.cpp */; };
		BF55E6961DE2164B00B0180F /* SDL2_image.framework in Frameworks */ = {isa = PBXBuildFile; fileRef = BF55E6951DE2164B00B0180F /* SDL2_image.framework */; };
		BF55E6981DE2166200B0180F /* SDL2_mixer.framework in Frameworks */ = {isa = PBXBuildFile; fileRef = BF55E6971DE2166200B0180F /* SDL2_mixer.framework */; };
		BF55E69A1DE2168600B0180F /* SDL2_net.framework in Frameworks */ = {isa = PBXBuildFile; fileRef = BF55E6991DE2168600B0180F /* SDL2_net.framework */; };
		BF55E69C1DE2169700B0180F /* SDL2_ttf.framework in Frameworks */ = {isa = PBXBuildFile; fileRef = BF55E69B1DE2169700B0180F /* SDL2_ttf.framework */; };
		BF55E6C41DE563C200B0180F /* sprite.cpp in Sources */ = {isa = PBXBuildFile; fileRef = BF55E6C21DE563C200B0180F /* sprite.cpp */; };
		BF55E6C91DE7D89500B0180F /* GLSLProgram.cpp in Sources */ = {isa = PBXBuildFile; fileRef = BF55E6C71DE7D89500B0180F /* GLSLProgram.cpp */; };
/* End PBXBuildFile section */

/* Begin PBXCopyFilesBuildPhase section */
		BF55E6711DE164E700B0180F /* CopyFiles */ = {
			isa = PBXCopyFilesBuildPhase;
			buildActionMask = 2147483647;
			dstPath = /usr/share/man/man1/;
			dstSubfolderSpec = 0;
			files = (
			);
			runOnlyForDeploymentPostprocessing = 1;
		};
/* End PBXCopyFilesBuildPhase section */

/* Begin PBXFileReference section */
		BF55E6731DE164E700B0180F /* trySDL */ = {isa = PBXFileReference; explicitFileType = "compiled.mach-o.executable"; includeInIndex = 0; path = trySDL; sourceTree = BUILT_PRODUCTS_DIR; };
		BF55E6761DE164E700B0180F /* main.cpp */ = {isa = PBXFileReference; lastKnownFileType = sourcecode.cpp.cpp; path = main.cpp; sourceTree = "<group>"; };
		BF55E6801DE1665E00B0180F /* Cocoa.framework */ = {isa = PBXFileReference; lastKnownFileType = wrapper.framework; name = Cocoa.framework; path = System/Library/Frameworks/Cocoa.framework; sourceTree = SDKROOT; };
		BF55E6861DE16A1B00B0180F /* SDL2.framework */ = {isa = PBXFileReference; lastKnownFileType = wrapper.framework; name = SDL2.framework; path = ../../../../Library/Frameworks/SDL2.framework; sourceTree = "<group>"; };
		BF55E6891DE1701C00B0180F /* OpenGL.framework */ = {isa = PBXFileReference; lastKnownFileType = wrapper.framework; name = OpenGL.framework; path = System/Library/Frameworks/OpenGL.framework; sourceTree = SDKROOT; };
		BF55E68C1DE1712300B0180F /* mainGame.cpp */ = {isa = PBXFileReference; fileEncoding = 4; lastKnownFileType = sourcecode.cpp.cpp; path = mainGame.cpp; sourceTree = "<group>"; };
		BF55E68D1DE1712300B0180F /* mainGame.hpp */ = {isa = PBXFileReference; fileEncoding = 4; lastKnownFileType = sourcecode.cpp.h; path = mainGame.hpp; sourceTree = "<group>"; };
		BF55E6941DE1872600B0180F /* batman.bmp */ = {isa = PBXFileReference; lastKnownFileType = image.bmp; path = batman.bmp; sourceTree = "<group>"; };
		BF55E6951DE2164B00B0180F /* SDL2_image.framework */ = {isa = PBXFileReference; lastKnownFileType = wrapper.framework; name = SDL2_image.framework; path = ../../../../Library/Frameworks/SDL2_image.framework; sourceTree = "<group>"; };
		BF55E6971DE2166200B0180F /* SDL2_mixer.framework */ = {isa = PBXFileReference; lastKnownFileType = wrapper.framework; name = SDL2_mixer.framework; path = ../../../../Library/Frameworks/SDL2_mixer.framework; sourceTree = "<group>"; };
		BF55E6991DE2168600B0180F /* SDL2_net.framework */ = {isa = PBXFileReference; lastKnownFileType = wrapper.framework; name = SDL2_net.framework; path = ../../../../Library/Frameworks/SDL2_net.framework; sourceTree = "<group>"; };
		BF55E69B1DE2169700B0180F /* SDL2_ttf.framework */ = {isa = PBXFileReference; lastKnownFileType = wrapper.framework; name = SDL2_ttf.framework; path = ../../../../Library/Frameworks/SDL2_ttf.framework; sourceTree = "<group>"; };
		BF55E6C21DE563C200B0180F /* sprite.cpp */ = {isa = PBXFileReference; fileEncoding = 4; lastKnownFileType = sourcecode.cpp.cpp; path = sprite.cpp; sourceTree = "<group>"; };
		BF55E6C31DE563C200B0180F /* sprite.hpp */ = {isa = PBXFileReference; fileEncoding = 4; lastKnownFileType = sourcecode.cpp.h; path = sprite.hpp; sourceTree = "<group>"; };
		BF55E6C71DE7D89500B0180F /* GLSLProgram.cpp */ = {isa = PBXFileReference; fileEncoding = 4; lastKnownFileType = sourcecode.cpp.cpp; path = GLSLProgram.cpp; sourceTree = "<group>"; };
		BF55E6C81DE7D89500B0180F /* GLSLProgram.hpp */ = {isa = PBXFileReference; fileEncoding = 4; lastKnownFileType = sourcecode.cpp.h; path = GLSLProgram.hpp; sourceTree = "<group>"; };
		BF55E6D01DEA5A8000B0180F /* colorCoding.frag */ = {isa = PBXFileReference; fileEncoding = 4; lastKnownFileType = sourcecode.glsl; path = colorCoding.frag; sourceTree = "<group>"; };
		BF55E6D31DEA5DF900B0180F /* colorCoding.vert */ = {isa = PBXFileReference; fileEncoding = 4; lastKnownFileType = sourcecode.glsl; path = colorCoding.vert; sourceTree = "<group>"; };
		BF55E6D41DEA9AFA00B0180F /* Vertex.h */ = {isa = PBXFileReference; lastKnownFileType = sourcecode.c.h; path = Vertex.h; sourceTree = "<group>"; };
/* End PBXFileReference section */

/* Begin PBXFrameworksBuildPhase section */
		BF55E6701DE164E700B0180F /* Frameworks */ = {
			isa = PBXFrameworksBuildPhase;
			buildActionMask = 2147483647;
			files = (
				BF55E69C1DE2169700B0180F /* SDL2_ttf.framework in Frameworks */,
				BF55E69A1DE2168600B0180F /* SDL2_net.framework in Frameworks */,
				BF55E6981DE2166200B0180F /* SDL2_mixer.framework in Frameworks */,
				BF55E6961DE2164B00B0180F /* SDL2_image.framework in Frameworks */,
				BF55E68A1DE1701C00B0180F /* OpenGL.framework in Frameworks */,
				BF55E6871DE16A1B00B0180F /* SDL2.framework in Frameworks */,
				BF55E6811DE1665E00B0180F /* Cocoa.framework in Frameworks */,
			);
			runOnlyForDeploymentPostprocessing = 0;
		};
/* End PBXFrameworksBuildPhase section */

/* Begin PBXGroup section */
		BF55E66A1DE164E700B0180F = {
			isa = PBXGroup;
			children = (
				BF55E6D31DEA5DF900B0180F /* colorCoding.vert */,
				BF55E6D01DEA5A8000B0180F /* colorCoding.frag */,
				BF55E6D41DEA9AFA00B0180F /* Vertex.h */,
				BF55E6C71DE7D89500B0180F /* GLSLProgram.cpp */,
				BF55E6C81DE7D89500B0180F /* GLSLProgram.hpp */,
				BF55E6C21DE563C200B0180F /* sprite.cpp */,
				BF55E6C31DE563C200B0180F /* sprite.hpp */,
				BF55E6941DE1872600B0180F /* batman.bmp */,
				BF55E68C1DE1712300B0180F /* mainGame.cpp */,
				BF55E68D1DE1712300B0180F /* mainGame.hpp */,
				BF55E6751DE164E700B0180F /* trySDL */,
				BF55E6741DE164E700B0180F /* Products */,
				BF55E67F1DE1665E00B0180F /* Frameworks */,
			);
			sourceTree = "<group>";
		};
		BF55E6741DE164E700B0180F /* Products */ = {
			isa = PBXGroup;
			children = (
				BF55E6731DE164E700B0180F /* trySDL */,
			);
			name = Products;
			sourceTree = "<group>";
		};
		BF55E6751DE164E700B0180F /* trySDL */ = {
			isa = PBXGroup;
			children = (
				BF55E6761DE164E700B0180F /* main.cpp */,
			);
			path = trySDL;
			sourceTree = "<group>";
		};
		BF55E67F1DE1665E00B0180F /* Frameworks */ = {
			isa = PBXGroup;
			children = (
				BF55E69B1DE2169700B0180F /* SDL2_ttf.framework */,
				BF55E6991DE2168600B0180F /* SDL2_net.framework */,
				BF55E6971DE2166200B0180F /* SDL2_mixer.framework */,
				BF55E6951DE2164B00B0180F /* SDL2_image.framework */,
				BF55E6891DE1701C00B0180F /* OpenGL.framework */,
				BF55E6861DE16A1B00B0180F /* SDL2.framework */,
				BF55E6801DE1665E00B0180F /* Cocoa.framework */,
			);
			name = Frameworks;
			sourceTree = "<group>";
		};
/* End PBXGroup section */

/* Begin PBXNativeTarget section */
		BF55E6721DE164E700B0180F /* trySDL */ = {
			isa = PBXNativeTarget;
			buildConfigurationList = BF55E67A1DE164E700B0180F /* Build configuration list for PBXNativeTarget "trySDL" */;
			buildPhases = (
				BF55E66F1DE164E700B0180F /* Sources */,
				BF55E6701DE164E700B0180F /* Frameworks */,
				BF55E6711DE164E700B0180F /* CopyFiles */,
			);
			buildRules = (
			);
			dependencies = (
			);
			name = trySDL;
			productName = trySDL;
			productReference = BF55E6731DE164E700B0180F /* trySDL */;
			productType = "com.apple.product-type.tool";
		};
/* End PBXNativeTarget section */

/* Begin PBXProject section */
		BF55E66B1DE164E700B0180F /* Project object */ = {
			isa = PBXProject;
			attributes = {
				LastUpgradeCheck = 0810;
				ORGANIZATIONNAME = "Ziwen Chen";
				TargetAttributes = {
					BF55E6721DE164E700B0180F = {
						CreatedOnToolsVersion = 8.1;
						DevelopmentTeam = K85684732E;
						ProvisioningStyle = Automatic;
					};
				};
			};
			buildConfigurationList = BF55E66E1DE164E700B0180F /* Build configuration list for PBXProject "trySDL" */;
			compatibilityVersion = "Xcode 3.2";
			developmentRegion = English;
			hasScannedForEncodings = 0;
			knownRegions = (
				en,
			);
			mainGroup = BF55E66A1DE164E700B0180F;
			productRefGroup = BF55E6741DE164E700B0180F /* Products */;
			projectDirPath = "";
			projectRoot = "";
			targets = (
				BF55E6721DE164E700B0180F /* trySDL */,
			);
		};
/* End PBXProject section */

/* Begin PBXSourcesBuildPhase section */
		BF55E66F1DE164E700B0180F /* Sources */ = {
			isa = PBXSourcesBuildPhase;
			buildActionMask = 2147483647;
			files = (
				BF55E68E1DE1712300B0180F /* mainGame.cpp in Sources */,
				BF55E6771DE164E700B0180F /* main.cpp in Sources */,
				BF55E6C91DE7D89500B0180F /* GLSLProgram.cpp in Sources */,
				BF55E6C41DE563C200B0180F /* sprite.cpp in Sources */,
			);
			runOnlyForDeploymentPostprocessing = 0;
		};
/* End PBXSourcesBuildPhase section */

/* Begin XCBuildConfiguration section */
		BF55E6781DE164E700B0180F /* Debug */ = {
			isa = XCBuildConfiguration;
			buildSettings = {
				ALWAYS_SEARCH_USER_PATHS = NO;
				CLANG_ANALYZER_NONNULL = YES;
				CLANG_CXX_LANGUAGE_STANDARD = "gnu++0x";
				CLANG_CXX_LIBRARY = "libc++";
				CLANG_ENABLE_MODULES = YES;
				CLANG_ENABLE_OBJC_ARC = YES;
				CLANG_WARN_BOOL_CONVERSION = YES;
				CLANG_WARN_CONSTANT_CONVERSION = YES;
				CLANG_WARN_DIRECT_OBJC_ISA_USAGE = YES_ERROR;
				CLANG_WARN_DOCUMENTATION_COMMENTS = YES;
				CLANG_WARN_EMPTY_BODY = YES;
				CLANG_WARN_ENUM_CONVERSION = YES;
				CLANG_WARN_INFINITE_RECURSION = YES;
				CLANG_WARN_INT_CONVERSION = YES;
				CLANG_WARN_OBJC_ROOT_CLASS = YES_ERROR;
				CLANG_WARN_SUSPICIOUS_MOVES = YES;
				CLANG_WARN_UNREACHABLE_CODE = YES;
				CLANG_WARN__DUPLICATE_METHOD_MATCH = YES;
				CODE_SIGN_IDENTITY = "-";
				COPY_PHASE_STRIP = NO;
				DEBUG_INFORMATION_FORMAT = dwarf;
				ENABLE_STRICT_OBJC_MSGSEND = YES;
				ENABLE_TESTABILITY = YES;
				GCC_C_LANGUAGE_STANDARD = gnu99;
				GCC_DYNAMIC_NO_PIC = NO;
				GCC_NO_COMMON_BLOCKS = YES;
				GCC_OPTIMIZATION_LEVEL = 0;
				GCC_PREPROCESSOR_DEFINITIONS = (
					"DEBUG=1",
					"$(inherited)",
				);
				GCC_WARN_64_TO_32_BIT_CONVERSION = YES;
				GCC_WARN_ABOUT_RETURN_TYPE = YES_ERROR;
				GCC_WARN_UNDECLARED_SELECTOR = YES;
				GCC_WARN_UNINITIALIZED_AUTOS = YES_AGGRESSIVE;
				GCC_WARN_UNUSED_FUNCTION = YES;
				GCC_WARN_UNUSED_VARIABLE = YES;
				MACOSX_DEPLOYMENT_TARGET = 10.12;
				MTL_ENABLE_DEBUG_INFO = YES;
				ONLY_ACTIVE_ARCH = YES;
				SDKROOT = macosx;
			};
			name = Debug;
		};
		BF55E6791DE164E700B0180F /* Release */ = {
			isa = XCBuildConfiguration;
			buildSettings = {
				ALWAYS_SEARCH_USER_PATHS = NO;
				CLANG_ANALYZER_NONNULL = YES;
				CLANG_CXX_LANGUAGE_STANDARD = "gnu++0x";
				CLANG_CXX_LIBRARY = "libc++";
				CLANG_ENABLE_MODULES = YES;
				CLANG_ENABLE_OBJC_ARC = YES;
				CLANG_WARN_BOOL_CONVERSION = YES;
				CLANG_WARN_CONSTANT_CONVERSION = YES;
				CLANG_WARN_DIRECT_OBJC_ISA_USAGE = YES_ERROR;
				CLANG_WARN_DOCUMENTATION_COMMENTS = YES;
				CLANG_WARN_EMPTY_BODY = YES;
				CLANG_WARN_ENUM_CONVERSION = YES;
				CLANG_WARN_INFINITE_RECURSION = YES;
				CLANG_WARN_INT_CONVERSION = YES;
				CLANG_WARN_OBJC_ROOT_CLASS = YES_ERROR;
				CLANG_WARN_SUSPICIOUS_MOVES = YES;
				CLANG_WARN_UNREACHABLE_CODE = YES;
				CLANG_WARN__DUPLICATE_METHOD_MATCH = YES;
				CODE_SIGN_IDENTITY = "-";
				COPY_PHASE_STRIP = NO;
				DEBUG_INFORMATION_FORMAT = "dwarf-with-dsym";
				ENABLE_NS_ASSERTIONS = NO;
				ENABLE_STRICT_OBJC_MSGSEND = YES;
				GCC_C_LANGUAGE_STANDARD = gnu99;
				GCC_NO_COMMON_BLOCKS = YES;
				GCC_WARN_64_TO_32_BIT_CONVERSION = YES;
				GCC_WARN_ABOUT_RETURN_TYPE = YES_ERROR;
				GCC_WARN_UNDECLARED_SELECTOR = YES;
				GCC_WARN_UNINITIALIZED_AUTOS = YES_AGGRESSIVE;
				GCC_WARN_UNUSED_FUNCTION = YES;
				GCC_WARN_UNUSED_VARIABLE = YES;
				MACOSX_DEPLOYMENT_TARGET = 10.12;
				MTL_ENABLE_DEBUG_INFO = NO;
				SDKROOT = macosx;
			};
			name = Release;
		};
		BF55E67B1DE164E700B0180F /* Debug */ = {
			isa = XCBuildConfiguration;
			buildSettings = {
				DEVELOPMENT_TEAM = K85684732E;
				FRAMEWORK_SEARCH_PATHS = (
					/Library/Frameworks,
					"$(LOCAL_LIBRARY_DIR)/Frameworks",
				);
				PRODUCT_NAME = "$(TARGET_NAME)";
			};
			name = Debug;
		};
		BF55E67C1DE164E700B0180F /* Release */ = {
			isa = XCBuildConfiguration;
			buildSettings = {
				DEVELOPMENT_TEAM = K85684732E;
				FRAMEWORK_SEARCH_PATHS = (
					/Library/Frameworks,
					"$(LOCAL_LIBRARY_DIR)/Frameworks",
				);
				PRODUCT_NAME = "$(TARGET_NAME)";
			};
			name = Release;
		};
/* End XCBuildConfiguration section */

/* Begin XCConfigurationList section */
		BF55E66E1DE164E700B0180F /* Build configuration list for PBXProject "trySDL" */ = {
			isa = XCConfigurationList;
			buildConfigurations = (
				BF55E6781DE164E700B0180F /* Debug */,
				BF55E6791DE164E700B0180F /* Release */,
			);
			defaultConfigurationIsVisible = 0;
			defaultConfigurationName = Release;
		};
		BF55E67A1DE164E700B0180F /* Build configuration list for PBXNativeTarget "trySDL" */ = {
			isa = XCConfigurationList;
			buildConfigurations = (
				BF55E67B1DE164E700B0180F /* Debug */,
				BF55E67C1DE164E700B0180F /* Release */,
			);
			defaultConfigurationIsVisible = 0;
			defaultConfigurationName = Release;
		};
/* End XCConfigurationList section */
	};
	rootObject = BF55E66B1DE164E700B0180F /* Project object */;
}
